
Microsoft Visual Studio Solution File, Format Version 12.00
# Visual Studio Version 17
VisualStudioVersion = 17.13.35931.197
MinimumVisualStudioVersion = 10.0.40219.1
Project("{FAE04EC0-301F-11D3-BF4B-00C04F79EFBC}") = "Presentacion", "TRABAJOPARCIAL\Presentacion.csproj", "{56F6CF38-9A65-436F-A153-19B9E355EFA4}"
EndProject
Project("{FAE04EC0-301F-11D3-BF4B-00C04F79EFBC}") = "Datos", "Datos\Datos.csproj", "{F5516AD2-E3C2-4841-85E5-63EFE00B89EE}"
EndProject
Project("{FAE04EC0-301F-11D3-BF4B-00C04F79EFBC}") = "Negocio", "Negocio\Negocio.csproj", "{754A4E4B-B999-4E83-88C6-95BCEA478396}"
EndProject
Global
	GlobalSection(SolutionConfigurationPlatforms) = preSolution
		Debug|Any CPU = Debug|Any CPU
		Release|Any CPU = Release|Any CPU
	EndGlobalSection
	GlobalSection(ProjectConfigurationPlatforms) = postSolution
		{56F6CF38-9A65-436F-A153-19B9E355EFA4}.Debug|Any CPU.ActiveCfg = Debug|Any CPU
		{56F6CF38-9A65-436F-A153-19B9E355EFA4}.Debug|Any CPU.Build.0 = Debug|Any CPU
		{56F6CF38-9A65-436F-A153-19B9E355EFA4}.Release|Any CPU.ActiveCfg = Release|Any CPU
		{56F6CF38-9A65-436F-A153-19B9E355EFA4}.Release|Any CPU.Build.0 = Release|Any CPU
		{F5516AD2-E3C2-4841-85E5-63EFE00B89EE}.Debug|Any CPU.ActiveCfg = Debug|Any CPU
		{F5516AD2-E3C2-4841-85E5-63EFE00B89EE}.Debug|Any CPU.Build.0 = Debug|Any CPU
		{F5516AD2-E3C2-4841-85E5-63EFE00B89EE}.Release|Any CPU.ActiveCfg = Release|Any CPU
		{F5516AD2-E3C2-4841-85E5-63EFE00B89EE}.Release|Any CPU.Build.0 = Release|Any CPU
		{754A4E4B-B999-4E83-88C6-95BCEA478396}.Debug|Any CPU.ActiveCfg = Debug|Any CPU
		{754A4E4B-B999-4E83-88C6-95BCEA478396}.Debug|Any CPU.Build.0 = Debug|Any CPU
		{754A4E4B-B999-4E83-88C6-95BCEA478396}.Release|Any CPU.ActiveCfg = Release|Any CPU
		{754A4E4B-B999-4E83-88C6-95BCEA478396}.Release|Any CPU.Build.0 = Release|Any CPU
	EndGlobalSection
	GlobalSection(SolutionProperties) = preSolution
		HideSolutionNode = FALSE
	EndGlobalSection
	GlobalSection(ExtensibilityGlobals) = postSolution
		SolutionGuid = {E79F2914-8382-48B3-9CDA-FDBA6E129511}
	EndGlobalSection
EndGlobal
